#MicroXplorer Configuration settings - do not modify
CAD.formats=[]
CAD.pinconfig=Dual
CAD.provider=
CORTEX_M7.AccessPermission-Cortex_Memory_Protection_Unit_Region0_Settings=MPU_REGION_FULL_ACCESS
CORTEX_M7.BaseAddress-Cortex_Memory_Protection_Unit_Region0_Settings=0x24000000
CORTEX_M7.CPU_DCache=Enabled
CORTEX_M7.CPU_ICache=Enabled
CORTEX_M7.Enable-Cortex_Memory_Protection_Unit_Region0_Settings=MPU_REGION_ENABLE
CORTEX_M7.IPParameters=CPU_ICache,CPU_DCache,MPU_Control,Enable-Cortex_Memory_Protection_Unit_Region0_Settings,BaseAddress-Cortex_Memory_Protection_Unit_Region0_Settings,Size-Cortex_Memory_Protection_Unit_Region0_Settings,TypeExtField-Cortex_Memory_Protection_Unit_Region0_Settings,AccessPermission-Cortex_Memory_Protection_Unit_Region0_Settings,IsCacheable-Cortex_Memory_Protection_Unit_Region0_Settings,IsBufferable-Cortex_Memory_Protection_Unit_Region0_Settings
CORTEX_M7.IsBufferable-Cortex_Memory_Protection_Unit_Region0_Settings=MPU_ACCESS_NOT_BUFFERABLE
CORTEX_M7.IsCacheable-Cortex_Memory_Protection_Unit_Region0_Settings=MPU_ACCESS_CACHEABLE
CORTEX_M7.MPU_Control=MPU_PRIVILEGED_DEFAULT
CORTEX_M7.Size-Cortex_Memory_Protection_Unit_Region0_Settings=MPU_REGION_SIZE_512KB
CORTEX_M7.TypeExtField-Cortex_Memory_Protection_Unit_Region0_Settings=MPU_TEX_LEVEL1
Dma.Request0=USART2_RX
Dma.Request1=USART2_TX
Dma.RequestsNb=2
Dma.USART2_RX.0.Direction=DMA_PERIPH_TO_MEMORY
Dma.USART2_RX.0.EventEnable=DISABLE
Dma.USART2_RX.0.FIFOMode=DMA_FIFOMODE_DISABLE
Dma.USART2_RX.0.Instance=DMA1_Stream0
Dma.USART2_RX.0.MemDataAlignment=DMA_MDATAALIGN_BYTE
Dma.USART2_RX.0.MemInc=DMA_MINC_ENABLE
Dma.USART2_RX.0.Mode=DMA_CIRCULAR
Dma.USART2_RX.0.PeriphDataAlignment=DMA_PDATAALIGN_BYTE
Dma.USART2_RX.0.PeriphInc=DMA_PINC_DISABLE
Dma.USART2_RX.0.Polarity=HAL_DMAMUX_REQ_GEN_RISING
Dma.USART2_RX.0.Priority=DMA_PRIORITY_LOW
Dma.USART2_RX.0.RequestNumber=1
Dma.USART2_RX.0.RequestParameters=Instance,Direction,PeriphInc,MemInc,PeriphDataAlignment,MemDataAlignment,Mode,Priority,FIFOMode,SignalID,Polarity,RequestNumber,SyncSignalID,SyncPolarity,SyncEnable,EventEnable,SyncRequestNumber
Dma.USART2_RX.0.SignalID=NONE
Dma.USART2_RX.0.SyncEnable=DISABLE
Dma.USART2_RX.0.SyncPolarity=HAL_DMAMUX_SYNC_NO_EVENT
Dma.USART2_RX.0.SyncRequestNumber=1
Dma.USART2_RX.0.SyncSignalID=NONE
Dma.USART2_TX.1.Direction=DMA_MEMORY_TO_PERIPH
Dma.USART2_TX.1.EventEnable=DISABLE
Dma.USART2_TX.1.FIFOMode=DMA_FIFOMODE_DISABLE
Dma.USART2_TX.1.Instance=DMA1_Stream1
Dma.USART2_TX.1.MemDataAlignment=DMA_MDATAALIGN_BYTE
Dma.USART2_TX.1.MemInc=DMA_MINC_ENABLE
Dma.USART2_TX.1.Mode=DMA_NORMAL
Dma.USART2_TX.1.PeriphDataAlignment=DMA_PDATAALIGN_BYTE
Dma.USART2_TX.1.PeriphInc=DMA_PINC_DISABLE
Dma.USART2_TX.1.Polarity=HAL_DMAMUX_REQ_GEN_RISING
Dma.USART2_TX.1.Priority=DMA_PRIORITY_LOW
Dma.USART2_TX.1.RequestNumber=1
Dma.USART2_TX.1.RequestParameters=Instance,Direction,PeriphInc,MemInc,PeriphDataAlignment,MemDataAlignment,Mode,Priority,FIFOMode,SignalID,Polarity,RequestNumber,SyncSignalID,SyncPolarity,SyncEnable,EventEnable,SyncRequestNumber
Dma.USART2_TX.1.SignalID=NONE
Dma.USART2_TX.1.SyncEnable=DISABLE
Dma.USART2_TX.1.SyncPolarity=HAL_DMAMUX_SYNC_NO_EVENT
Dma.USART2_TX.1.SyncRequestNumber=1
Dma.USART2_TX.1.SyncSignalID=NONE
FDCAN1.AutoRetransmission=ENABLE
FDCAN1.CalculateBaudRateNominal=1000000
FDCAN1.CalculateTimeQuantumNominal=62.5
FDCAN1.DataSyncJumpWidth=1
FDCAN1.DataTimeSeg1=13
FDCAN1.DataTimeSeg2=2
FDCAN1.IPParameters=AutoRetransmission,NominalTimeSeg1,NominalSyncJumpWidth,DataSyncJumpWidth,DataTimeSeg1,DataTimeSeg2,ProtocolException,Mode,TxFifoQueueElmtsNbr,RxFifo0ElmtsNbr,StdFiltersNbr,NominalPrescaler,CalculateTimeQuantumNominal,CalculateBaudRateNominal,RxFifo1ElmtsNbr
FDCAN1.Mode=FDCAN_MODE_NORMAL
FDCAN1.NominalPrescaler=1
FDCAN1.NominalSyncJumpWidth=1
FDCAN1.NominalTimeSeg1=13
FDCAN1.ProtocolException=ENABLE
FDCAN1.RxFifo0ElmtsNbr=64
FDCAN1.RxFifo1ElmtsNbr=64
FDCAN1.StdFiltersNbr=5
FDCAN1.TxFifoQueueElmtsNbr=32
FDCAN2.CalculateBaudRateNominal=200000
FDCAN2.CalculateTimeBitNominal=5000
FDCAN2.CalculateTimeQuantumNominal=1000.0
FDCAN2.IPParameters=CalculateTimeQuantumNominal,CalculateTimeBitNominal,CalculateBaudRateNominal
FDCAN3.AutoRetransmission=ENABLE
FDCAN3.CalculateBaudRateNominal=1000000
FDCAN3.CalculateTimeQuantumNominal=62.5
FDCAN3.DataTimeSeg1=13
FDCAN3.DataTimeSeg2=2
FDCAN3.IPParameters=Mode,AutoRetransmission,ProtocolException,MessageRAMOffset,NominalTimeSeg1,DataTimeSeg1,DataTimeSeg2,RxFifo0ElmtsNbr,RxFifo1ElmtsNbr,TxFifoQueueElmtsNbr,StdFiltersNbr,NominalPrescaler,CalculateTimeQuantumNominal,CalculateBaudRateNominal
FDCAN3.MessageRAMOffset=1700
FDCAN3.Mode=FDCAN_MODE_NORMAL
FDCAN3.NominalPrescaler=1
FDCAN3.NominalTimeSeg1=13
FDCAN3.ProtocolException=ENABLE
FDCAN3.RxFifo0ElmtsNbr=64
FDCAN3.RxFifo1ElmtsNbr=64
FDCAN3.StdFiltersNbr=5
FDCAN3.TxFifoQueueElmtsNbr=32
FREERTOS.FootprintOK=true
FREERTOS.INCLUDE_vTaskDelayUntil=1
FREERTOS.IPParameters=Tasks01,configENABLE_FPU,configUSE_PREEMPTION,configUSE_TIMERS,INCLUDE_vTaskDelayUntil,FootprintOK
FREERTOS.Tasks01=StartTask,0,128,start_task,As weak,NULL,Dynamic,NULL,NULL
FREERTOS.configENABLE_FPU=0
FREERTOS.configUSE_PREEMPTION=0
FREERTOS.configUSE_TIMERS=1
File.Version=6
GPIO.groupedBy=Group By Peripherals
IWDG1.IPParameters=Prescaler,Window,Reload
IWDG1.Prescaler=IWDG_PRESCALER_32
IWDG1.Reload=100
IWDG1.Window=100
KeepUserPlacement=false
Mcu.CPN=STM32H723VGT6
Mcu.Family=STM32H7
Mcu.IP0=CORTEX_M7
Mcu.IP1=DEBUG
Mcu.IP10=RNG
Mcu.IP11=SYS
Mcu.IP12=TIM2
Mcu.IP13=UART9
Mcu.IP14=USART1
Mcu.IP15=USART2
Mcu.IP16=USART3
Mcu.IP17=USART6
Mcu.IP18=USART10
Mcu.IP19=USB_DEVICE
Mcu.IP2=DMA
Mcu.IP20=USB_OTG_HS
Mcu.IP3=FDCAN1
Mcu.IP4=FDCAN2
Mcu.IP5=FDCAN3
Mcu.IP6=FREERTOS
Mcu.IP7=IWDG1
Mcu.IP8=NVIC
Mcu.IP9=RCC
Mcu.IPNb=21
Mcu.Name=STM32H723VGTx
Mcu.Package=LQFP100
Mcu.Pin0=PE2
Mcu.Pin1=PE3
Mcu.Pin10=PD9
Mcu.Pin11=PD10
Mcu.Pin12=PD12
Mcu.Pin13=PD13
Mcu.Pin14=PD14
Mcu.Pin15=PD15
Mcu.Pin16=PC6
Mcu.Pin17=PC7
Mcu.Pin18=PA9
Mcu.Pin19=PA10
Mcu.Pin2=PH0-OSC_IN
Mcu.Pin20=PA11
Mcu.Pin21=PA12
Mcu.Pin22=PA13(JTMS/SWDIO)
Mcu.Pin23=PA14(JTCK/SWCLK)
Mcu.Pin24=PD0
Mcu.Pin25=PD1
Mcu.Pin26=PB5
Mcu.Pin27=VP_FREERTOS_VS_CMSIS_V1
Mcu.Pin28=VP_IWDG1_VS_IWDG
Mcu.Pin29=VP_RNG_VS_RNG
Mcu.Pin3=PH1-OSC_OUT
Mcu.Pin30=VP_SYS_VS_tim1
Mcu.Pin31=VP_TIM2_VS_ClockSourceINT
Mcu.Pin32=VP_USB_DEVICE_VS_USB_DEVICE_CDC_HS
Mcu.Pin4=PA2
Mcu.Pin5=PA3
Mcu.Pin6=PB10
Mcu.Pin7=PB11
Mcu.Pin8=PB12
Mcu.Pin9=PB13
Mcu.PinsNb=33
Mcu.ThirdPartyNb=0
Mcu.UserConstants=
Mcu.UserName=STM32H723VGTx
MxCube.Version=6.10.0
MxDb.Version=DB.6.0.100
NVIC.BusFault_IRQn=true\:0\:0\:false\:false\:true\:false\:false\:false\:false
NVIC.DMA1_Stream0_IRQn=true\:5\:0\:false\:false\:true\:true\:false\:true\:true
NVIC.DMA1_Stream1_IRQn=true\:5\:0\:false\:false\:true\:true\:false\:true\:true
NVIC.DebugMonitor_IRQn=true\:0\:0\:false\:false\:true\:false\:false\:false\:false
NVIC.FDCAN1_IT0_IRQn=true\:5\:0\:false\:false\:true\:true\:true\:true\:true
NVIC.FDCAN3_IT0_IRQn=true\:5\:0\:false\:false\:true\:true\:true\:true\:true
NVIC.ForceEnableDMAVector=true
NVIC.HardFault_IRQn=true\:0\:0\:false\:false\:true\:false\:false\:false\:false
NVIC.MemoryManagement_IRQn=true\:0\:0\:false\:false\:true\:false\:false\:false\:false
NVIC.NonMaskableInt_IRQn=true\:0\:0\:false\:false\:true\:false\:false\:true\:false
NVIC.OTG_HS_EP1_IN_IRQn=true\:5\:0\:false\:false\:true\:true\:true\:true\:true
NVIC.OTG_HS_EP1_OUT_IRQn=true\:5\:0\:false\:false\:true\:true\:true\:true\:true
NVIC.OTG_HS_IRQn=true\:5\:0\:false\:false\:true\:true\:true\:true\:true
NVIC.PendSV_IRQn=true\:15\:0\:false\:false\:false\:true\:false\:false\:false
NVIC.PriorityGroup=NVIC_PRIORITYGROUP_4
NVIC.SVCall_IRQn=true\:0\:0\:false\:false\:false\:false\:false\:false\:false
NVIC.SavedPendsvIrqHandlerGenerated=true
NVIC.SavedSvcallIrqHandlerGenerated=true
NVIC.SavedSystickIrqHandlerGenerated=true
NVIC.SysTick_IRQn=true\:15\:0\:false\:false\:false\:true\:false\:true\:false
NVIC.TIM1_UP_IRQn=true\:0\:0\:false\:false\:true\:false\:false\:true\:true
NVIC.TIM2_IRQn=true\:5\:0\:false\:false\:true\:true\:true\:true\:true
NVIC.TimeBase=TIM1_UP_IRQn
NVIC.TimeBaseIP=TIM1
NVIC.USART2_IRQn=true\:5\:0\:false\:false\:true\:true\:true\:true\:true
NVIC.UsageFault_IRQn=true\:0\:0\:false\:false\:true\:false\:false\:false\:false
PA10.Locked=true
PA10.Mode=Asynchronous
PA10.Signal=USART1_RX
PA11.Mode=Device_Only_FS
PA11.Signal=USB_OTG_HS_DM
PA12.Mode=Device_Only_FS
PA12.Signal=USB_OTG_HS_DP
PA13(JTMS/SWDIO).Mode=Serial_Wire
PA13(JTMS/SWDIO).Signal=DEBUG_JTMS-SWDIO
PA14(JTCK/SWCLK).Mode=Serial_Wire
PA14(JTCK/SWCLK).Signal=DEBUG_JTCK-SWCLK
PA2.Mode=Asynchronous
PA2.Signal=USART2_TX
PA3.Mode=Asynchronous
PA3.Signal=USART2_RX
PA9.Locked=true
PA9.Mode=Asynchronous
PA9.Signal=USART1_TX
PB10.Mode=Asynchronous
PB10.Signal=USART3_TX
PB11.Mode=Asynchronous
PB11.Signal=USART3_RX
PB12.Mode=FDCAN_Activate
PB12.Signal=FDCAN2_RX
PB13.Mode=FDCAN_Activate
PB13.Signal=FDCAN2_TX
PB5.GPIOParameters=GPIO_Speed,GPIO_PuPd,GPIO_Label
PB5.GPIO_Label=LED
PB5.GPIO_PuPd=GPIO_PULLDOWN
PB5.GPIO_Speed=GPIO_SPEED_FREQ_VERY_HIGH
PB5.Locked=true
PB5.Signal=GPIO_Output
PC6.Mode=Asynchronous
PC6.Signal=USART6_TX
PC7.Mode=Asynchronous
PC7.Signal=USART6_RX
PD0.Mode=FDCAN_Activate
PD0.Signal=FDCAN1_RX
PD1.Mode=FDCAN_Activate
PD1.Signal=FDCAN1_TX
PD10.GPIOParameters=GPIO_Label
PD10.GPIO_Label=LED2
PD10.Locked=true
PD10.Signal=GPIO_Output
PD12.Mode=FDCAN_Activate
PD12.Signal=FDCAN3_RX
PD13.Mode=FDCAN_Activate
PD13.Signal=FDCAN3_TX
PD14.Mode=Asynchronous
PD14.Signal=UART9_RX
PD15.Mode=Asynchronous
PD15.Signal=UART9_TX
PD9.GPIOParameters=GPIO_PuPd,GPIO_Label
PD9.GPIO_Label=LED1
PD9.GPIO_PuPd=GPIO_PULLDOWN
PD9.Locked=true
PD9.Signal=GPIO_Output
PE2.Mode=Asynchronous
PE2.Signal=USART10_RX
PE3.Mode=Asynchronous
PE3.Signal=USART10_TX
PH0-OSC_IN.Mode=HSE-External-Oscillator
PH0-OSC_IN.Signal=RCC_OSC_IN
PH1-OSC_OUT.Mode=HSE-External-Oscillator
PH1-OSC_OUT.Signal=RCC_OSC_OUT
PinOutPanel.RotationAngle=0
ProjectManager.AskForMigrate=true
ProjectManager.BackupPrevious=false
ProjectManager.CompilerOptimize=6
ProjectManager.ComputerToolchain=false
ProjectManager.CoupleFile=true
ProjectManager.CustomerFirmwarePackage=C\:\\Users\\tuling\\STM32Cube\\Repository\\STM32Cube_FW_H7_V1.9.0
ProjectManager.DefaultFWLocation=false
ProjectManager.DeletePrevious=true
ProjectManager.DeviceId=STM32H723VGTx
ProjectManager.FirmwarePackage=STM32Cube FW_H7 V1.11.1
ProjectManager.FreePins=true
ProjectManager.HalAssertFull=true
ProjectManager.HeapSize=0x1000
ProjectManager.KeepUserCode=true
ProjectManager.LastFirmware=false
ProjectManager.LibraryCopy=1
ProjectManager.MainLocation=Core/Src
ProjectManager.NoMain=false
ProjectManager.PreviousToolchain=
ProjectManager.ProjectBuild=false
ProjectManager.ProjectFileName=rm_main.ioc
ProjectManager.ProjectName=rm_main
ProjectManager.ProjectStructure=
ProjectManager.RegisterCallBack=
ProjectManager.StackSize=0x2000
ProjectManager.TargetToolchain=MDK-ARM V5.27
ProjectManager.ToolChainLocation=
ProjectManager.UAScriptAfterPath=
ProjectManager.UAScriptBeforePath=
ProjectManager.UnderRoot=false
ProjectManager.functionlistsort=1-MX_GPIO_Init-GPIO-false-HAL-true,2-MX_DMA_Init-DMA-false-HAL-true,3-SystemClock_Config-RCC-false-HAL-false,5-MX_MDMA_Init-MDMA-false-HAL-true,4-MX_USART2_UART_Init-USART2-false-HAL-true,5-MX_USART1_UART_Init-USART1-false-HAL-true,6-MX_RNG_Init-RNG-false-HAL-true,7-MX_TIM2_Init-TIM2-false-HAL-true,8-MX_FDCAN3_Init-FDCAN3-false-HAL-true,9-MX_UART9_Init-UART9-false-HAL-true,10-MX_USART3_UART_Init-USART3-false-HAL-true,11-MX_USART6_UART_Init-USART6-false-HAL-true,12-MX_USART10_UART_Init-USART10-false-HAL-true,13-MX_USB_DEVICE_Init-USB_DEVICE-false-HAL-false,14-MX_FDCAN1_Init-FDCAN1-false-HAL-true,15-MX_IWDG1_Init-IWDG1-false-HAL-true,18-MX_WWDG1_Init-WWDG1-false-HAL-true,0-MX_CORTEX_M7_Init-CORTEX_M7-false-HAL-true
RCC.ADCFreq_Value=96000000
RCC.AHB12Freq_Value=275000000
RCC.AHB4Freq_Value=275000000
RCC.APB1Freq_Value=137500000
RCC.APB2Freq_Value=137500000
RCC.APB3Freq_Value=137500000
RCC.APB4Freq_Value=137500000
RCC.AXIClockFreq_Value=275000000
RCC.CECFreq_Value=32000
RCC.CKPERFreq_Value=64000000
RCC.CortexFreq_Value=550000000
RCC.CpuClockFreq_Value=550000000
RCC.D1CPREFreq_Value=550000000
RCC.D1PPRE=RCC_APB3_DIV2
RCC.D2PPRE1=RCC_APB1_DIV2
RCC.D2PPRE2=RCC_APB2_DIV2
RCC.D3PPRE=RCC_APB4_DIV2
RCC.DFSDMACLkFreq_Value=10000000
RCC.DFSDMFreq_Value=137500000
RCC.DIVM1=1
RCC.DIVM2=1
RCC.DIVN1=34
RCC.DIVN2=12
RCC.DIVP1=1
RCC.DIVP1Freq_Value=550000000
RCC.DIVP2Freq_Value=96000000
RCC.DIVP3Freq_Value=32250000
RCC.DIVQ1=55
RCC.DIVQ1Freq_Value=10000000
RCC.DIVQ2Freq_Value=96000000
RCC.DIVQ3Freq_Value=32250000
RCC.DIVR1=1
RCC.DIVR1Freq_Value=550000000
RCC.DIVR2Freq_Value=96000000
RCC.DIVR3Freq_Value=32250000
RCC.EnbaleCSS=true
RCC.FDCANCLockSelection=RCC_FDCANCLKSOURCE_HSE
RCC.FDCANFreq_Value=16000000
RCC.FMCFreq_Value=275000000
RCC.FamilyName=M
RCC.HCLK3ClockFreq_Value=275000000
RCC.HCLKFreq_Value=275000000
RCC.HPRE=RCC_HCLK_DIV2
RCC.HSE_VALUE=16000000
RCC.I2C123Freq_Value=137500000
RCC.I2C4Freq_Value=137500000
RCC.IPParameters=ADCFreq_Value,AHB12Freq_Value,AHB4Freq_Value,APB1Freq_Value,APB2Freq_Value,APB3Freq_Value,APB4Freq_Value,AXIClockFreq_Value,CECFreq_Value,CKPERFreq_Value,CortexFreq_Value,CpuClockFreq_Value,D1CPREFreq_Value,D1PPRE,D2PPRE1,D2PPRE2,D3PPRE,DFSDMACLkFreq_Value,DFSDMFreq_Value,DIVM1,DIVM2,DIVN1,DIVN2,DIVP1,DIVP1Freq_Value,DIVP2Freq_Value,DIVP3Freq_Value,DIVQ1,DIVQ1Freq_Value,DIVQ2Freq_Value,DIVQ3Freq_Value,DIVR1,DIVR1Freq_Value,DIVR2Freq_Value,DIVR3Freq_Value,EnbaleCSS,FDCANCLockSelection,FDCANFreq_Value,FMCFreq_Value,FamilyName,HCLK3ClockFreq_Value,HCLKFreq_Value,HPRE,HSE_VALUE,I2C123Freq_Value,I2C4Freq_Value,LPTIM1Freq_Value,LPTIM2Freq_Value,LPTIM345Freq_Value,LPUART1Freq_Value,LTDCFreq_Value,MCO1PinFreq_Value,MCO2PinFreq_Value,PLL2FRACN,PLL3FRACN,PLLFRACN,PLLSourceVirtual,QSPIFreq_Value,RNGFreq_Value,RTCFreq_Value,SAI1Freq_Value,SAI4AFreq_Value,SAI4BFreq_Value,SDMMCFreq_Value,SPDIFRXFreq_Value,SPI123Freq_Value,SPI45Freq_Value,SPI6Freq_Value,SWPMI1Freq_Value,SYSCLKFreq_VALUE,SYSCLKSource,Tim1OutputFreq_Value,Tim2OutputFreq_Value,TraceFreq_Value,USART16Freq_Value,USART234578Freq_Value,USBCLockSelection,USBFreq_Value,VCO1OutputFreq_Value,VCO2OutputFreq_Value,VCO3OutputFreq_Value,VCOInput1Freq_Value,VCOInput2Freq_Value,VCOInput3Freq_Value
RCC.LPTIM1Freq_Value=137500000
RCC.LPTIM2Freq_Value=137500000
RCC.LPTIM345Freq_Value=137500000
RCC.LPUART1Freq_Value=137500000
RCC.LTDCFreq_Value=32250000
RCC.MCO1PinFreq_Value=64000000
RCC.MCO2PinFreq_Value=550000000
RCC.PLL2FRACN=0
RCC.PLL3FRACN=0
RCC.PLLFRACN=3072
RCC.PLLSourceVirtual=RCC_PLLSOURCE_HSE
RCC.QSPIFreq_Value=275000000
RCC.RNGFreq_Value=48000000
RCC.RTCFreq_Value=32000
RCC.SAI1Freq_Value=10000000
RCC.SAI4AFreq_Value=10000000
RCC.SAI4BFreq_Value=10000000
RCC.SDMMCFreq_Value=10000000
RCC.SPDIFRXFreq_Value=10000000
RCC.SPI123Freq_Value=10000000
RCC.SPI45Freq_Value=137500000
RCC.SPI6Freq_Value=137500000
RCC.SWPMI1Freq_Value=137500000
RCC.SYSCLKFreq_VALUE=550000000
RCC.SYSCLKSource=RCC_SYSCLKSOURCE_PLLCLK
RCC.Tim1OutputFreq_Value=275000000
RCC.Tim2OutputFreq_Value=275000000
RCC.TraceFreq_Value=550000000
RCC.USART16Freq_Value=137500000
RCC.USART234578Freq_Value=137500000
RCC.USBCLockSelection=RCC_USBCLKSOURCE_HSI48
RCC.USBFreq_Value=48000000
RCC.VCO1OutputFreq_Value=550000000
RCC.VCO2OutputFreq_Value=192000000
RCC.VCO3OutputFreq_Value=64500000
RCC.VCOInput1Freq_Value=16000000
RCC.VCOInput2Freq_Value=16000000
RCC.VCOInput3Freq_Value=500000
TIM2.IPParameters=Period,Prescaler
TIM2.Period=0xFFFFFFFF
TIM2.Prescaler=10
USART1.IPParameters=VirtualMode-Asynchronous
USART1.VirtualMode-Asynchronous=VM_ASYNC
USART10.IPParameters=VirtualMode
USART10.VirtualMode=VM_ASYNC
USART2.AutoBaudRateEnableParam=UART_ADVFEATURE_AUTOBAUDRATE_DISABLE
USART2.IPParameters=VirtualMode-Asynchronous,AutoBaudRateEnableParam
USART2.VirtualMode-Asynchronous=VM_ASYNC
USART3.IPParameters=VirtualMode-Asynchronous
USART3.VirtualMode-Asynchronous=VM_ASYNC
USART6.IPParameters=VirtualMode
USART6.VirtualMode=VM_ASYNC
USB_DEVICE.APP_RX_DATA_SIZE=1024
USB_DEVICE.APP_TX_DATA_SIZE=1024
USB_DEVICE.CLASS_NAME_HS=CDC
USB_DEVICE.IPParameters=VirtualMode,VirtualModeHS,CLASS_NAME_HS,USBD_LPM_ENABLED,USBD_SELF_POWERED,USBD_DEBUG_LEVEL,APP_RX_DATA_SIZE,APP_TX_DATA_SIZE
USB_DEVICE.USBD_DEBUG_LEVEL=0
USB_DEVICE.USBD_LPM_ENABLED=1
USB_DEVICE.USBD_SELF_POWERED=1
USB_DEVICE.VirtualMode=Cdc
USB_DEVICE.VirtualModeHS=Cdc_HS
USB_OTG_HS.IPParameters=VirtualMode-Device_Only_FS,dma_enable-Device_Only_FS,lpm_enable-Device_Only_FS
USB_OTG_HS.VirtualMode-Device_Only_FS=Device_Only_FS
USB_OTG_HS.dma_enable-Device_Only_FS=ENABLE
USB_OTG_HS.lpm_enable-Device_Only_FS=DISABLE
VP_FREERTOS_VS_CMSIS_V1.Mode=CMSIS_V1
VP_FREERTOS_VS_CMSIS_V1.Signal=FREERTOS_VS_CMSIS_V1
VP_IWDG1_VS_IWDG.Mode=IWDG_Activate
VP_IWDG1_VS_IWDG.Signal=IWDG1_VS_IWDG
VP_RNG_VS_RNG.Mode=RNG_Activate
VP_RNG_VS_RNG.Signal=RNG_VS_RNG
VP_SYS_VS_tim1.Mode=TIM1
VP_SYS_VS_tim1.Signal=SYS_VS_tim1
VP_TIM2_VS_ClockSourceINT.Mode=Internal
VP_TIM2_VS_ClockSourceINT.Signal=TIM2_VS_ClockSourceINT
VP_USB_DEVICE_VS_USB_DEVICE_CDC_HS.Mode=CDC_HS
VP_USB_DEVICE_VS_USB_DEVICE_CDC_HS.Signal=USB_DEVICE_VS_USB_DEVICE_CDC_HS
board=custom
rtos.0.ip=FREERTOS
